
Microsoft Visual Studio Solution File, Format Version 12.00
# Visual Studio Version 17
VisualStudioVersion = 17.5.002.0
MinimumVisualStudioVersion = 10.0.40219.1
Project("{9A19103F-16F7-4668-BE54-9A1E7A4F7556}") = "CollectionTracker.Database", "CollectionTracker.Database.csproj", "{FACF3DED-6A5A-4703-B997-C789BFFF2435}"
EndProject
Global
	GlobalSection(SolutionConfigurationPlatforms) = preSolution
		Debug|Any CPU = Debug|Any CPU
		Release|Any CPU = Release|Any CPU
	EndGlobalSection
	GlobalSection(ProjectConfigurationPlatforms) = postSolution
		{FACF3DED-6A5A-4703-B997-C789BFFF2435}.Debug|Any CPU.ActiveCfg = Debug|Any CPU
		{FACF3DED-6A5A-4703-B997-C789BFFF2435}.Debug|Any CPU.Build.0 = Debug|Any CPU
		{FACF3DED-6A5A-4703-B997-C789BFFF2435}.Release|Any CPU.ActiveCfg = Release|Any CPU
		{FACF3DED-6A5A-4703-B997-C789BFFF2435}.Release|Any CPU.Build.0 = Release|Any CPU
	EndGlobalSection
	GlobalSection(SolutionProperties) = preSolution
		HideSolutionNode = FALSE
	EndGlobalSection
	GlobalSection(ExtensibilityGlobals) = postSolution
		SolutionGuid = {4C1D8216-6A97-44E1-BA50-43694D906867}
	EndGlobalSection
EndGlobal
